{
  "nodes": {
    "nixpkgs": {
      "locked": {
        "lastModified": 1789749394,
        "narHash": "sha256-cFTsMQz8Hzn8MT49oaeLSHg62tE86NykugCWkeM2ypk=",
        "rev": "cf9d2fb3e50fa1cd5114c47505ea9177f7ff5f49",
        "revCount": 1014348,
        "type": "tarball",
        "url": "https://api.flakehub.com/f/pinned/NixOS/nixpkgs/0.2605.1014348%2Brev-cf9d2fb3e50fa1cd5114c47505ea9177f7ff5f49/01a0b82c-c94d-7611-ae4f-e412614ef3f0/source.tar.gz"
      },
      "original": {
        "type": "tarball",
        "url": "https://flakehub.com/f/NixOS/nixpkgs/0"
      }
    },
    "reliquary-archiver": {
      "flake": false,
      "locked": {
        "lastModified": 1787976733,
        "narHash": "sha256-nhq938A2WY1UJ7pjDO/uJmGPduCexKoNY21sqY+Gh7I=",
        "ref": "refs/heads/main",
        "rev": "cb109f17a4a15b7604cfe9d078a8735e7735cd25",
        "revCount": 335,
        "type": "git",
        "url": "https://github.com/IceDynamix/reliquary-archiver.git"
      },
      "original": {
        "type": "git",
        "url": "https://github.com/IceDynamix/reliquary-archiver.git"
      }
    },
    "root": {
      "inputs": {
        "nixpkgs": "nixpkgs",
        "reliquary-archiver": "reliquary-archiver",
        "turnbasedgamedata": "turnbasedgamedata"
      }
    },
    "turnbasedgamedata": {
      "flake": false,
      "locked": {
        "lastModified": 1789542405,
        "narHash": "sha256-Cpkw3jE6/hKxmCfGL0WN95Z46wDYZ7lwkEOKp+8JPds=",
        "ref": "refs/heads/main",
        "rev": "4ce30f69b32dc259ab9a8da3ba57035485103221",
        "revCount": 100,
        "type": "git",
        "url": "https://gitlab.com/Dimbreath/turnbasedgamedata.git"
      },
      "original": {
        "type": "git",
        "url": "https://gitlab.com/Dimbreath/turnbasedgamedata.git"
      }
    }
  },
  "root": "root",
  "version": 7
}
