{
  "nodes": {
    "nixpkgs": {
      "locked": {
        "lastModified": 1786089803,
        "narHash": "sha256-ZuvZfVW2tB5tXYEcpcfhVXB3N4OhdZLOqOviy4OD4b4=",
        "rev": "ee48b147c18c7de1e6ec97dc74792be42724bed1",
        "revCount": 1011492,
        "type": "tarball",
        "url": "https://api.flakehub.com/f/pinned/NixOS/nixpkgs/0.2605.1011492%2Brev-ee48b147c18c7de1e6ec97dc74792be42724bed1/019fe27a-4b56-76e0-9178-a059ce32ffab/source.tar.gz"
      },
      "original": {
        "type": "tarball",
        "url": "https://flakehub.com/f/NixOS/nixpkgs/0"
      }
    },
    "reliquary-archiver": {
      "flake": false,
      "locked": {
        "lastModified": 1785043610,
        "narHash": "sha256-JcsA3oLwYh4Zkv7iYWTeJ+voCUIxkNJMWixoJ2gsX2E=",
        "ref": "refs/heads/main",
        "rev": "62585d74bad03944cf5b1ec3f5cc91cfae5bb899",
        "revCount": 331,
        "type": "git",
        "url": "https://github.com/IceDynamix/reliquary-archiver.git"
      },
      "original": {
        "type": "git",
        "url": "https://github.com/IceDynamix/reliquary-archiver.git"
      }
    },
    "root": {
      "inputs": {
        "nixpkgs": "nixpkgs",
        "reliquary-archiver": "reliquary-archiver",
        "turnbasedgamedata": "turnbasedgamedata"
      }
    },
    "turnbasedgamedata": {
      "flake": false,
      "locked": {
        "lastModified": 1785309726,
        "narHash": "sha256-ZNTmMF1lDeimmi1O6sxw8l7QSGqrNYnK+U0YhUpLbR4=",
        "ref": "refs/heads/main",
        "rev": "648b08fbdb2e49739ebbf1210c9a189fcfc5e2d7",
        "revCount": 91,
        "type": "git",
        "url": "https://gitlab.com/Dimbreath/turnbasedgamedata.git"
      },
      "original": {
        "type": "git",
        "url": "https://gitlab.com/Dimbreath/turnbasedgamedata.git"
      }
    }
  },
  "root": "root",
  "version": 7
}
